// !$*UTF8*$!
{
	archiveVersion = 1;
	classes = {
	};
	objectVersion = 48;
	objects = {

/* Begin PBXBuildFile section */
		EDE0DD1E1FEA73A9007975CA /* GSRefresher.framework in Frameworks */ = {isa = PBXBuildFile; fileRef = EDE0DD141FEA73A9007975CA /* GSRefresher.framework */; };
		EDE0DD231FEA73A9007975CA /* GSRefresherTests.swift in Sources */ = {isa = PBXBuildFile; fileRef = EDE0DD221FEA73A9007975CA /* GSRefresherTests.swift */; };
		EDE0DD251FEA73A9007975CA /* GSRefresher.h in Headers */ = {isa = PBXBuildFile; fileRef = EDE0DD171FEA73A9007975CA /* GSRefresher.h */; settings = {ATTRIBUTES = (Public, ); }; };
		EDE0DD2F1FEA73E0007975CA /* Refresher.swift in Sources */ = {isa = PBXBuildFile; fileRef = EDE0DD2E1FEA73DF007975CA /* Refresher.swift */; };
/* End PBXBuildFile section */

/* Begin PBXContainerItemProxy section */
		EDE0DD1F1FEA73A9007975CA /* PBXContainerItemProxy */ = {
			isa = PBXContainerItemProxy;
			containerPortal = EDE0DD0B1FEA73A9007975CA /* Project object */;
			proxyType = 1;
			remoteGlobalIDString = EDE0DD131FEA73A9007975CA;
			remoteInfo = GSRefresher;
		};
/* End PBXContainerItemProxy section */

/* Begin PBXFileReference section */
		EDE0DD141FEA73A9007975CA /* GSRefresher.framework */ = {isa = PBXFileReference; explicitFileType = wrapper.framework; includeInIndex = 0; path = GSRefresher.framework; sourceTree = BUILT_PRODUCTS_DIR; };
		EDE0DD171FEA73A9007975CA /* GSRefresher.h */ = {isa = PBXFileReference; lastKnownFileType = sourcecode.c.h; path = GSRefresher.h; sourceTree = "<group>"; };
		EDE0DD181FEA73A9007975CA /* Info.plist */ = {isa = PBXFileReference; lastKnownFileType = text.plist.xml; path = Info.plist; sourceTree = "<group>"; };
		EDE0DD1D1FEA73A9007975CA /* GSRefresherTests.xctest */ = {isa = PBXFileReference; explicitFileType = wrapper.cfbundle; includeInIndex = 0; path = GSRefresherTests.xctest; sourceTree = BUILT_PRODUCTS_DIR; };
		EDE0DD221FEA73A9007975CA /* GSRefresherTests.swift */ = {isa = PBXFileReference; lastKnownFileType = sourcecode.swift; path = GSRefresherTests.swift; sourceTree = "<group>"; };
		EDE0DD241FEA73A9007975CA /* Info.plist */ = {isa = PBXFileReference; lastKnownFileType = text.plist.xml; path = Info.plist; sourceTree = "<group>"; };
		EDE0DD2E1FEA73DF007975CA /* Refresher.swift */ = {isa = PBXFileReference; fileEncoding = 4; lastKnownFileType = sourcecode.swift; path = Refresher.swift; sourceTree = "<group>"; };
/* End PBXFileReference section */

/* Begin PBXFrameworksBuildPhase section */
		EDE0DD101FEA73A9007975CA /* Frameworks */ = {
			isa = PBXFrameworksBuildPhase;
			buildActionMask = 2147483647;
			files = (
			);
			runOnlyForDeploymentPostprocessing = 0;
		};
		EDE0DD1A1FEA73A9007975CA /* Frameworks */ = {
			isa = PBXFrameworksBuildPhase;
			buildActionMask = 2147483647;
			files = (
				EDE0DD1E1FEA73A9007975CA /* GSRefresher.framework in Frameworks */,
			);
			runOnlyForDeploymentPostprocessing = 0;
		};
/* End PBXFrameworksBuildPhase section */

/* Begin PBXGroup section */
		EDE0DD0A1FEA73A9007975CA = {
			isa = PBXGroup;
			children = (
				EDE0DD161FEA73A9007975CA /* GSRefresher */,
				EDE0DD211FEA73A9007975CA /* GSRefresherTests */,
				EDE0DD151FEA73A9007975CA /* Products */,
			);
			sourceTree = "<group>";
		};
		EDE0DD151FEA73A9007975CA /* Products */ = {
			isa = PBXGroup;
			children = (
				EDE0DD141FEA73A9007975CA /* GSRefresher.framework */,
				EDE0DD1D1FEA73A9007975CA /* GSRefresherTests.xctest */,
			);
			name = Products;
			sourceTree = "<group>";
		};
		EDE0DD161FEA73A9007975CA /* GSRefresher */ = {
			isa = PBXGroup;
			children = (
				EDE0DD2E1FEA73DF007975CA /* Refresher.swift */,
				EDE0DD171FEA73A9007975CA /* GSRefresher.h */,
				EDE0DD181FEA73A9007975CA /* Info.plist */,
			);
			path = GSRefresher;
			sourceTree = "<group>";
		};
		EDE0DD211FEA73A9007975CA /* GSRefresherTests */ = {
			isa = PBXGroup;
			children = (
				EDE0DD221FEA73A9007975CA /* GSRefresherTests.swift */,
				EDE0DD241FEA73A9007975CA /* Info.plist */,
			);
			path = GSRefresherTests;
			sourceTree = "<group>";
		};
/* End PBXGroup section */

/* Begin PBXHeadersBuildPhase section */
		EDE0DD111FEA73A9007975CA /* Headers */ = {
			isa = PBXHeadersBuildPhase;
			buildActionMask = 2147483647;
			files = (
				EDE0DD251FEA73A9007975CA /* GSRefresher.h in Headers */,
			);
			runOnlyForDeploymentPostprocessing = 0;
		};
/* End PBXHeadersBuildPhase section */

/* Begin PBXNativeTarget section */
		EDE0DD131FEA73A9007975CA /* GSRefresher */ = {
			isa = PBXNativeTarget;
			buildConfigurationList = EDE0DD281FEA73A9007975CA /* Build configuration list for PBXNativeTarget "GSRefresher" */;
			buildPhases = (
				EDE0DD0F1FEA73A9007975CA /* Sources */,
				EDE0DD101FEA73A9007975CA /* Frameworks */,
				EDE0DD111FEA73A9007975CA /* Headers */,
				EDE0DD121FEA73A9007975CA /* Resources */,
				EDE0DD5C1FEA81B7007975CA /* Carthage */,
			);
			buildRules = (
			);
			dependencies = (
			);
			name = GSRefresher;
			productName = GSRefresher;
			productReference = EDE0DD141FEA73A9007975CA /* GSRefresher.framework */;
			productType = "com.apple.product-type.framework";
		};
		EDE0DD1C1FEA73A9007975CA /* GSRefresherTests */ = {
			isa = PBXNativeTarget;
			buildConfigurationList = EDE0DD2B1FEA73A9007975CA /* Build configuration list for PBXNativeTarget "GSRefresherTests" */;
			buildPhases = (
				EDE0DD191FEA73A9007975CA /* Sources */,
				EDE0DD1A1FEA73A9007975CA /* Frameworks */,
				EDE0DD1B1FEA73A9007975CA /* Resources */,
			);
			buildRules = (
			);
			dependencies = (
				EDE0DD201FEA73A9007975CA /* PBXTargetDependency */,
			);
			name = GSRefresherTests;
			productName = GSRefresherTests;
			productReference = EDE0DD1D1FEA73A9007975CA /* GSRefresherTests.xctest */;
			productType = "com.apple.product-type.bundle.unit-test";
		};
/* End PBXNativeTarget section */

/* Begin PBXProject section */
		EDE0DD0B1FEA73A9007975CA /* Project object */ = {
			isa = PBXProject;
			attributes = {
				LastSwiftUpdateCheck = 0920;
				LastUpgradeCheck = 0920;
				ORGANIZATIONNAME = "孟钰丰";
				TargetAttributes = {
					EDE0DD131FEA73A9007975CA = {
						CreatedOnToolsVersion = 9.2;
						LastSwiftMigration = 0920;
						ProvisioningStyle = Automatic;
					};
					EDE0DD1C1FEA73A9007975CA = {
						CreatedOnToolsVersion = 9.2;
						ProvisioningStyle = Automatic;
					};
				};
			};
			buildConfigurationList = EDE0DD0E1FEA73A9007975CA /* Build configuration list for PBXProject "GSRefresher" */;
			compatibilityVersion = "Xcode 8.0";
			developmentRegion = en;
			hasScannedForEncodings = 0;
			knownRegions = (
				en,
			);
			mainGroup = EDE0DD0A1FEA73A9007975CA;
			productRefGroup = EDE0DD151FEA73A9007975CA /* Products */;
			projectDirPath = "";
			projectRoot = "";
			targets = (
				EDE0DD131FEA73A9007975CA /* GSRefresher */,
				EDE0DD1C1FEA73A9007975CA /* GSRefresherTests */,
			);
		};
/* End PBXProject section */

/* Begin PBXResourcesBuildPhase section */
		EDE0DD121FEA73A9007975CA /* Resources */ = {
			isa = PBXResourcesBuildPhase;
			buildActionMask = 2147483647;
			files = (
			);
			runOnlyForDeploymentPostprocessing = 0;
		};
		EDE0DD1B1FEA73A9007975CA /* Resources */ = {
			isa = PBXResourcesBuildPhase;
			buildActionMask = 2147483647;
			files = (
			);
			runOnlyForDeploymentPostprocessing = 0;
		};
/* End PBXResourcesBuildPhase section */

/* Begin PBXShellScriptBuildPhase section */
		EDE0DD5C1FEA81B7007975CA /* Carthage */ = {
			isa = PBXShellScriptBuildPhase;
			buildActionMask = 2147483647;
			files = (
			);
			inputPaths = (
				"$(SRCROOT)/Carthage/Build/iOS/GSFoundation.framework",
				"$(SRCROOT)/Carthage/Build/iOS/GSStability.framework",
				"$(SRCROOT)/Carthage/Build/iOS/HandyJSON.framework",
				"$(SRCROOT)/Carthage/Build/iOS/KeychainAccess.framework",
				"$(SRCROOT)/Carthage/Build/iOS/SnapKit.framework",
				"$(SRCROOT)/Carthage/Build/iOS/GSUIKit.framework",
			);
			name = Carthage;
			outputPaths = (
			);
			runOnlyForDeploymentPostprocessing = 0;
			shellPath = /bin/sh;
			shellScript = "/usr/local/bin/carthage copy-frameworks";
		};
/* End PBXShellScriptBuildPhase section */

/* Begin PBXSourcesBuildPhase section */
		EDE0DD0F1FEA73A9007975CA /* Sources */ = {
			isa = PBXSourcesBuildPhase;
			buildActionMask = 2147483647;
			files = (
				EDE0DD2F1FEA73E0007975CA /* Refresher.swift in Sources */,
			);
			runOnlyForDeploymentPostprocessing = 0;
		};
		EDE0DD191FEA73A9007975CA /* Sources */ = {
			isa = PBXSourcesBuildPhase;
			buildActionMask = 2147483647;
			files = (
				EDE0DD231FEA73A9007975CA /* GSRefresherTests.swift in Sources */,
			);
			runOnlyForDeploymentPostprocessing = 0;
		};
/* End PBXSourcesBuildPhase section */

/* Begin PBXTargetDependency section */
		EDE0DD201FEA73A9007975CA /* PBXTargetDependency */ = {
			isa = PBXTargetDependency;
			target = EDE0DD131FEA73A9007975CA /* GSRefresher */;
			targetProxy = EDE0DD1F1FEA73A9007975CA /* PBXContainerItemProxy */;
		};
/* End PBXTargetDependency section */

/* Begin XCBuildConfiguration section */
		EDE0DD261FEA73A9007975CA /* Debug */ = {
			isa = XCBuildConfiguration;
			buildSettings = {
				ALWAYS_SEARCH_USER_PATHS = NO;
				CLANG_ANALYZER_NONNULL = YES;
				CLANG_ANALYZER_NUMBER_OBJECT_CONVERSION = YES_AGGRESSIVE;
				CLANG_CXX_LANGUAGE_STANDARD = "gnu++14";
				CLANG_CXX_LIBRARY = "libc++";
				CLANG_ENABLE_MODULES = YES;
				CLANG_ENABLE_OBJC_ARC = YES;
				CLANG_WARN_BLOCK_CAPTURE_AUTORELEASING = YES;
				CLANG_WARN_BOOL_CONVERSION = YES;
				CLANG_WARN_COMMA = YES;
				CLANG_WARN_CONSTANT_CONVERSION = YES;
				CLANG_WARN_DIRECT_OBJC_ISA_USAGE = YES_ERROR;
				CLANG_WARN_DOCUMENTATION_COMMENTS = YES;
				CLANG_WARN_EMPTY_BODY = YES;
				CLANG_WARN_ENUM_CONVERSION = YES;
				CLANG_WARN_INFINITE_RECURSION = YES;
				CLANG_WARN_INT_CONVERSION = YES;
				CLANG_WARN_NON_LITERAL_NULL_CONVERSION = YES;
				CLANG_WARN_OBJC_LITERAL_CONVERSION = YES;
				CLANG_WARN_OBJC_ROOT_CLASS = YES_ERROR;
				CLANG_WARN_RANGE_LOOP_ANALYSIS = YES;
				CLANG_WARN_STRICT_PROTOTYPES = YES;
				CLANG_WARN_SUSPICIOUS_MOVE = YES;
				CLANG_WARN_UNGUARDED_AVAILABILITY = YES_AGGRESSIVE;
				CLANG_WARN_UNREACHABLE_CODE = YES;
				CLANG_WARN__DUPLICATE_METHOD_MATCH = YES;
				CODE_SIGN_IDENTITY = "iPhone Developer";
				COPY_PHASE_STRIP = NO;
				CURRENT_PROJECT_VERSION = 1;
				DEBUG_INFORMATION_FORMAT = dwarf;
				ENABLE_STRICT_OBJC_MSGSEND = YES;
				ENABLE_TESTABILITY = YES;
				GCC_C_LANGUAGE_STANDARD = gnu11;
				GCC_DYNAMIC_NO_PIC = NO;
				GCC_NO_COMMON_BLOCKS = YES;
				GCC_OPTIMIZATION_LEVEL = 0;
				GCC_PREPROCESSOR_DEFINITIONS = (
					"DEBUG=1",
					"$(inherited)",
				);
				GCC_WARN_64_TO_32_BIT_CONVERSION = YES;
				GCC_WARN_ABOUT_RETURN_TYPE = YES_ERROR;
				GCC_WARN_UNDECLARED_SELECTOR = YES;
				GCC_WARN_UNINITIALIZED_AUTOS = YES_AGGRESSIVE;
				GCC_WARN_UNUSED_FUNCTION = YES;
				GCC_WARN_UNUSED_VARIABLE = YES;
				IPHONEOS_DEPLOYMENT_TARGET = 11.2;
				MTL_ENABLE_DEBUG_INFO = YES;
				ONLY_ACTIVE_ARCH = YES;
				SDKROOT = iphoneos;
				SWIFT_ACTIVE_COMPILATION_CONDITIONS = DEBUG;
				SWIFT_OPTIMIZATION_LEVEL = "-Onone";
				VERSIONING_SYSTEM = "apple-generic";
				VERSION_INFO_PREFIX = "";
			};
			name = Debug;
		};
		EDE0DD271FEA73A9007975CA /* Release */ = {
			isa = XCBuildConfiguration;
			buildSettings = {
				ALWAYS_SEARCH_USER_PATHS = NO;
				CLANG_ANALYZER_NONNULL = YES;
				CLANG_ANALYZER_NUMBER_OBJECT_CONVERSION = YES_AGGRESSIVE;
				CLANG_CXX_LANGUAGE_STANDARD = "gnu++14";
				CLANG_CXX_LIBRARY = "libc++";
				CLANG_ENABLE_MODULES = YES;
				CLANG_ENABLE_OBJC_ARC = YES;
				CLANG_WARN_BLOCK_CAPTURE_AUTORELEASING = YES;
				CLANG_WARN_BOOL_CONVERSION = YES;
				CLANG_WARN_COMMA = YES;
				CLANG_WARN_CONSTANT_CONVERSION = YES;
				CLANG_WARN_DIRECT_OBJC_ISA_USAGE = YES_ERROR;
				CLANG_WARN_DOCUMENTATION_COMMENTS = YES;
				CLANG_WARN_EMPTY_BODY = YES;
				CLANG_WARN_ENUM_CONVERSION = YES;
				CLANG_WARN_INFINITE_RECURSION = YES;
				CLANG_WARN_INT_CONVERSION = YES;
				CLANG_WARN_NON_LITERAL_NULL_CONVERSION = YES;
				CLANG_WARN_OBJC_LITERAL_CONVERSION = YES;
				CLANG_WARN_OBJC_ROOT_CLASS = YES_ERROR;
				CLANG_WARN_RANGE_LOOP_ANALYSIS = YES;
				CLANG_WARN_STRICT_PROTOTYPES = YES;
				CLANG_WARN_SUSPICIOUS_MOVE = YES;
				CLANG_WARN_UNGUARDED_AVAILABILITY = YES_AGGRESSIVE;
				CLANG_WARN_UNREACHABLE_CODE = YES;
				CLANG_WARN__DUPLICATE_METHOD_MATCH = YES;
				CODE_SIGN_IDENTITY = "iPhone Developer";
				COPY_PHASE_STRIP = NO;
				CURRENT_PROJECT_VERSION = 1;
				DEBUG_INFORMATION_FORMAT = "dwarf-with-dsym";
				ENABLE_NS_ASSERTIONS = NO;
				ENABLE_STRICT_OBJC_MSGSEND = YES;
				GCC_C_LANGUAGE_STANDARD = gnu11;
				GCC_NO_COMMON_BLOCKS = YES;
				GCC_WARN_64_TO_32_BIT_CONVERSION = YES;
				GCC_WARN_ABOUT_RETURN_TYPE = YES_ERROR;
				GCC_WARN_UNDECLARED_SELECTOR = YES;
				GCC_WARN_UNINITIALIZED_AUTOS = YES_AGGRESSIVE;
				GCC_WARN_UNUSED_FUNCTION = YES;
				GCC_WARN_UNUSED_VARIABLE = YES;
				IPHONEOS_DEPLOYMENT_TARGET = 11.2;
				MTL_ENABLE_DEBUG_INFO = NO;
				SDKROOT = iphoneos;
				SWIFT_OPTIMIZATION_LEVEL = "-Owholemodule";
				VALIDATE_PRODUCT = YES;
				VERSIONING_SYSTEM = "apple-generic";
				VERSION_INFO_PREFIX = "";
			};
			name = Release;
		};
		EDE0DD291FEA73A9007975CA /* Debug */ = {
			isa = XCBuildConfiguration;
			buildSettings = {
				CLANG_ENABLE_MODULES = YES;
				CODE_SIGN_IDENTITY = "";
				CODE_SIGN_STYLE = Automatic;
				DEFINES_MODULE = YES;
				DEVELOPMENT_TEAM = 2LJX58TYK3;
				DYLIB_COMPATIBILITY_VERSION = 1;
				DYLIB_CURRENT_VERSION = 1;
				DYLIB_INSTALL_NAME_BASE = "@rpath";
				FRAMEWORK_SEARCH_PATHS = "$(SRCROOT)/Carthage/Build/iOS";
				INFOPLIST_FILE = GSRefresher/Info.plist;
				INSTALL_PATH = "$(LOCAL_LIBRARY_DIR)/Frameworks";
				IPHONEOS_DEPLOYMENT_TARGET = 9.0;
				LD_RUNPATH_SEARCH_PATHS = "$(inherited) @executable_path/Frameworks @loader_path/Frameworks";
				PRODUCT_BUNDLE_IDENTIFIER = "com.Sky-And-Hammer.ios.GS.GSRefresher";
				PRODUCT_NAME = "$(TARGET_NAME:c99extidentifier)";
				SKIP_INSTALL = YES;
				SWIFT_OPTIMIZATION_LEVEL = "-Onone";
				SWIFT_VERSION = 4.0;
				TARGETED_DEVICE_FAMILY = "1,2";
			};
			name = Debug;
		};
		EDE0DD2A1FEA73A9007975CA /* Release */ = {
			isa = XCBuildConfiguration;
			buildSettings = {
				CLANG_ENABLE_MODULES = YES;
				CODE_SIGN_IDENTITY = "";
				CODE_SIGN_STYLE = Automatic;
				DEFINES_MODULE = YES;
				DEVELOPMENT_TEAM = 2LJX58TYK3;
				DYLIB_COMPATIBILITY_VERSION = 1;
				DYLIB_CURRENT_VERSION = 1;
				DYLIB_INSTALL_NAME_BASE = "@rpath";
				FRAMEWORK_SEARCH_PATHS = "$(SRCROOT)/Carthage/Build/iOS";
				INFOPLIST_FILE = GSRefresher/Info.plist;
				INSTALL_PATH = "$(LOCAL_LIBRARY_DIR)/Frameworks";
				IPHONEOS_DEPLOYMENT_TARGET = 9.0;
				LD_RUNPATH_SEARCH_PATHS = "$(inherited) @executable_path/Frameworks @loader_path/Frameworks";
				PRODUCT_BUNDLE_IDENTIFIER = "com.Sky-And-Hammer.ios.GS.GSRefresher";
				PRODUCT_NAME = "$(TARGET_NAME:c99extidentifier)";
				SKIP_INSTALL = YES;
				SWIFT_VERSION = 4.0;
				TARGETED_DEVICE_FAMILY = "1,2";
			};
			name = Release;
		};
		EDE0DD2C1FEA73A9007975CA /* Debug */ = {
			isa = XCBuildConfiguration;
			buildSettings = {
				ALWAYS_EMBED_SWIFT_STANDARD_LIBRARIES = YES;
				CODE_SIGN_STYLE = Automatic;
				DEVELOPMENT_TEAM = 2LJX58TYK3;
				INFOPLIST_FILE = GSRefresherTests/Info.plist;
				LD_RUNPATH_SEARCH_PATHS = "$(inherited) @executable_path/Frameworks @loader_path/Frameworks";
				PRODUCT_BUNDLE_IDENTIFIER = "com.Sky-And-Hammer.ios.GS.GSRefresherTests";
				PRODUCT_NAME = "$(TARGET_NAME)";
				SWIFT_VERSION = 4.0;
				TARGETED_DEVICE_FAMILY = "1,2";
			};
			name = Debug;
		};
		EDE0DD2D1FEA73A9007975CA /* Release */ = {
			isa = XCBuildConfiguration;
			buildSettings = {
				ALWAYS_EMBED_SWIFT_STANDARD_LIBRARIES = YES;
				CODE_SIGN_STYLE = Automatic;
				DEVELOPMENT_TEAM = 2LJX58TYK3;
				INFOPLIST_FILE = GSRefresherTests/Info.plist;
				LD_RUNPATH_SEARCH_PATHS = "$(inherited) @executable_path/Frameworks @loader_path/Frameworks";
				PRODUCT_BUNDLE_IDENTIFIER = "com.Sky-And-Hammer.ios.GS.GSRefresherTests";
				PRODUCT_NAME = "$(TARGET_NAME)";
				SWIFT_VERSION = 4.0;
				TARGETED_DEVICE_FAMILY = "1,2";
			};
			name = Release;
		};
/* End XCBuildConfiguration section */

/* Begin XCConfigurationList section */
		EDE0DD0E1FEA73A9007975CA /* Build configuration list for PBXProject "GSRefresher" */ = {
			isa = XCConfigurationList;
			buildConfigurations = (
				EDE0DD261FEA73A9007975CA /* Debug */,
				EDE0DD271FEA73A9007975CA /* Release */,
			);
			defaultConfigurationIsVisible = 0;
			defaultConfigurationName = Release;
		};
		EDE0DD281FEA73A9007975CA /* Build configuration list for PBXNativeTarget "GSRefresher" */ = {
			isa = XCConfigurationList;
			buildConfigurations = (
				EDE0DD291FEA73A9007975CA /* Debug */,
				EDE0DD2A1FEA73A9007975CA /* Release */,
			);
			defaultConfigurationIsVisible = 0;
			defaultConfigurationName = Release;
		};
		EDE0DD2B1FEA73A9007975CA /* Build configuration list for PBXNativeTarget "GSRefresherTests" */ = {
			isa = XCConfigurationList;
			buildConfigurations = (
				EDE0DD2C1FEA73A9007975CA /* Debug */,
				EDE0DD2D1FEA73A9007975CA /* Release */,
			);
			defaultConfigurationIsVisible = 0;
			defaultConfigurationName = Release;
		};
/* End XCConfigurationList section */
	};
	rootObject = EDE0DD0B1FEA73A9007975CA /* Project object */;
}
